
Microsoft Visual Studio Solution File, Format Version 12.00
# Visual Studio 2012
Project("{F184B08F-C81C-45F6-A57F-5ABD9991F28F}") = "CTest", "CTest.vbproj", "{2799ADAC-82E3-4CC5-B5F0-D74BD8824C2A}"
EndProject
Global
	GlobalSection(SolutionConfigurationPlatforms) = preSolution
		Debug|x86 = Debug|x86
		Release|x86 = Release|x86
	EndGlobalSection
	GlobalSection(ProjectConfigurationPlatforms) = postSolution
		{2799ADAC-82E3-4CC5-B5F0-D74BD8824C2A}.Debug|x86.ActiveCfg = Debug|x86
		{2799ADAC-82E3-4CC5-B5F0-D74BD8824C2A}.Debug|x86.Build.0 = Debug|x86
		{2799ADAC-82E3-4CC5-B5F0-D74BD8824C2A}.Release|x86.ActiveCfg = Release|x86
		{2799ADAC-82E3-4CC5-B5F0-D74BD8824C2A}.Release|x86.Build.0 = Release|x86
	EndGlobalSection
	GlobalSection(SolutionProperties) = preSolution
		HideSolutionNode = FALSE
	EndGlobalSection
EndGlobal
